{
  "name": "exif-normalizer",
  "version": "0.1.0",
  "lockfileVersion": 3,
  "requires": true,
  "packages": {
    "": {
      "name": "exif-normalizer",
      "version": "0.1.0",
      "dependencies": {
        "exiftool-vendored": "^29.3.0"
      },
      "bin": {
        "exif-normalizer": "src/index.js"
      },
      "devDependencies": {},
      "engines": {
        "node": ">=20"
      }
    },
    "node_modules/@photostructure/tz-lookup": {
      "version": "11.5.0",
      "resolved": "https://registry.npmjs.org/@photostructure/tz-lookup/-/tz-lookup-11.5.0.tgz",
      "integrity": "sha512-0DVFriinZ7TeOnm9ytXeSL3NMFU87ZqMjgbPNkd8LgHFLcPg1BDyM1eewFYs+pPM+62S4fSP9Mtgijmn+6y95w==",
      "license": "CC0-1.0"
    },
    "node_modules/@types/luxon": {
      "version": "3.7.1",
      "resolved": "https://registry.npmjs.org/@types/luxon/-/luxon-3.7.1.tgz",
      "integrity": "sha512-H3iskjFIAn5SlJU7OuxUmTEpebK6TKB8rxZShDslBMZJ5u9S//KM1sbdAisiSrqwLQncVjnpi2OK2J51h+4lsg==",
      "license": "MIT"
    },
    "node_modules/batch-cluster": {
      "version": "13.0.0",
      "resolved": "https://registry.npmjs.org/batch-cluster/-/batch-cluster-13.0.0.tgz",
      "integrity": "sha512-EreW0Vi8TwovhYUHBXXRA5tthuU2ynGsZFlboyMJHCCUXYa2AjgwnE3ubBOJs2xJLcuXFJbi6c/8pH5+FVj8Og==",
      "license": "MIT",
      "engines": {
        "node": ">=14"
      }
    },
    "node_modules/exiftool-vendored": {
      "version": "29.3.0",
      "resolved": "https://registry.npmjs.org/exiftool-vendored/-/exiftool-vendored-29.3.0.tgz",
      "integrity": "sha512-2N+QvQH3mH0yb89vpxJXaD+SXa8GXvDigytS6cro6FOrTx9Opav4H0QPP0V4r9dBhXy5poON7qo+p1KZv5wZqQ==",
      "license": "MIT",
      "dependencies": {
        "@photostructure/tz-lookup": "^11.2.0",
        "@types/luxon": "^3.6.0",
        "batch-cluster": "^13.0.0",
        "he": "^1.2.0",
        "luxon": "^3.6.1"
      },
      "optionalDependencies": {
        "exiftool-vendored.exe": "13.26.0",
        "exiftool-vendored.pl": "13.26.0"
      }
    },
    "node_modules/exiftool-vendored.exe": {
      "version": "13.26.0",
      "resolved": "https://registry.npmjs.org/exiftool-vendored.exe/-/exiftool-vendored.exe-13.26.0.tgz",
      "integrity": "sha512-y5mLmNAeABbXhb1a77EeR+CYDELI64DawnNywhMiivIYIdBPXf/81UcBd3SQlcTAHJjJjKt20qdmdL4loMkRDA==",
      "license": "MIT",
      "optional": true,
      "os": [
        "win32"
      ]
    },
    "node_modules/exiftool-vendored.pl": {
      "version": "13.26.0",
      "resolved": "https://registry.npmjs.org/exiftool-vendored.pl/-/exiftool-vendored.pl-13.26.0.tgz",
      "integrity": "sha512-4L8b6TrZcrd/dOnoeyCgsIa4WgFygucd0KQzB7xgWpgeMDQ2xYeqAYoHTeKmLAv4DogvaVkZQgDNogscuKuM+Q==",
      "license": "MIT",
      "optional": true,
      "os": [
        "!win32"
      ],
      "bin": {
        "exiftool": "bin/exiftool"
      }
    },
    "node_modules/he": {
      "version": "1.2.0",
      "resolved": "https://registry.npmjs.org/he/-/he-1.2.0.tgz",
      "integrity": "sha512-F/1DnUGPopORZi0ni+CvrCgHQ5FyEAHRLSApuYWMmrbSwoN2Mn/7k+Gl38gJnR7yyDZk6WLXwiGod1JOWNDKGw==",
      "license": "MIT",
      "bin": {
        "he": "bin/he"
      }
    },
    "node_modules/luxon": {
      "version": "3.7.2",
      "resolved": "https://registry.npmjs.org/luxon/-/luxon-3.7.2.tgz",
      "integrity": "sha512-vtEhXh/gNjI9Yg1u4jX/0YVPMvxzHuGgCm6tC5kZyb08yjGWGnqAjGJvcXbqQR2P3MyMEFnRbpcdFS6PBcLqew==",
      "license": "MIT",
      "engines": {
        "node": ">=12"
      }
    }
  }
}
